
Microsoft Visual Studio Solution File, Format Version 10.00
# Visual C++ Express 2008
Project("{8BC9CEB8-8B4A-11D0-8D11-00A0C91BC942}") = "ARKitLib", "ARKitLib.vcproj", "{7EE15519-E9CD-4205-BB5F-84FF5AE60A8F}"
EndProject
Global
	GlobalSection(SolutionConfigurationPlatforms) = preSolution
		Debug|Win32 = Debug|Win32
		Release|Win32 = Release|Win32
	EndGlobalSection
	GlobalSection(ProjectConfigurationPlatforms) = postSolution
		{7EE15519-E9CD-4205-BB5F-84FF5AE60A8F}.Debug|Win32.ActiveCfg = Debug|Win32
		{7EE15519-E9CD-4205-BB5F-84FF5AE60A8F}.Debug|Win32.Build.0 = Debug|Win32
		{7EE15519-E9CD-4205-BB5F-84FF5AE60A8F}.Release|Win32.ActiveCfg = Release|Win32
		{7EE15519-E9CD-4205-BB5F-84FF5AE60A8F}.Release|Win32.Build.0 = Release|Win32
	EndGlobalSection
	GlobalSection(SolutionProperties) = preSolution
		HideSolutionNode = FALSE
	EndGlobalSection
EndGlobal
